
Microsoft Visual Studio Solution File, Format Version 12.00
# Visual Studio Version 16
VisualStudioVersion = 16.0.30804.86
MinimumVisualStudioVersion = 10.0.40219.1
Project("{FAE04EC0-301F-11D3-BF4B-00C04F79EFBC}") = "UF4-EJ5", "UF4-EJ5\UF4-EJ5.csproj", "{275E7569-34C8-40B0-B63D-49E1DB1EAD25}"
EndProject
Global
	GlobalSection(SolutionConfigurationPlatforms) = preSolution
		Debug|Any CPU = Debug|Any CPU
		Release|Any CPU = Release|Any CPU
	EndGlobalSection
	GlobalSection(ProjectConfigurationPlatforms) = postSolution
		{275E7569-34C8-40B0-B63D-49E1DB1EAD25}.Debug|Any CPU.ActiveCfg = Debug|Any CPU
		{275E7569-34C8-40B0-B63D-49E1DB1EAD25}.Debug|Any CPU.Build.0 = Debug|Any CPU
		{275E7569-34C8-40B0-B63D-49E1DB1EAD25}.Release|Any CPU.ActiveCfg = Release|Any CPU
		{275E7569-34C8-40B0-B63D-49E1DB1EAD25}.Release|Any CPU.Build.0 = Release|Any CPU
	EndGlobalSection
	GlobalSection(SolutionProperties) = preSolution
		HideSolutionNode = FALSE
	EndGlobalSection
	GlobalSection(ExtensibilityGlobals) = postSolution
		SolutionGuid = {6BBB1C25-33BA-4C3E-9614-1D069ABA518E}
	EndGlobalSection
EndGlobal
