
Microsoft Visual Studio Solution File, Format Version 12.00
# Visual Studio Version 16
VisualStudioVersion = 16.0.30804.86
MinimumVisualStudioVersion = 10.0.40219.1
Project("{FAE04EC0-301F-11D3-BF4B-00C04F79EFBC}") = "UF4-EJ18", "UF4-EJ18\UF4-EJ18.csproj", "{B606C2C2-63EB-48BC-B0A8-3502CDB08918}"
EndProject
Global
	GlobalSection(SolutionConfigurationPlatforms) = preSolution
		Debug|Any CPU = Debug|Any CPU
		Release|Any CPU = Release|Any CPU
	EndGlobalSection
	GlobalSection(ProjectConfigurationPlatforms) = postSolution
		{B606C2C2-63EB-48BC-B0A8-3502CDB08918}.Debug|Any CPU.ActiveCfg = Debug|Any CPU
		{B606C2C2-63EB-48BC-B0A8-3502CDB08918}.Debug|Any CPU.Build.0 = Debug|Any CPU
		{B606C2C2-63EB-48BC-B0A8-3502CDB08918}.Release|Any CPU.ActiveCfg = Release|Any CPU
		{B606C2C2-63EB-48BC-B0A8-3502CDB08918}.Release|Any CPU.Build.0 = Release|Any CPU
	EndGlobalSection
	GlobalSection(SolutionProperties) = preSolution
		HideSolutionNode = FALSE
	EndGlobalSection
	GlobalSection(ExtensibilityGlobals) = postSolution
		SolutionGuid = {3852659E-BFE2-4D47-AA26-030EC07771F1}
	EndGlobalSection
EndGlobal
