
Microsoft Visual Studio Solution File, Format Version 12.00
# Visual Studio Version 16
VisualStudioVersion = 16.0.30804.86
MinimumVisualStudioVersion = 10.0.40219.1
Project("{FAE04EC0-301F-11D3-BF4B-00C04F79EFBC}") = "UF4-EJ11", "UF4-EJ11\UF4-EJ11.csproj", "{3A40CD74-48B6-4AA3-BAC8-DF5636C78219}"
EndProject
Global
	GlobalSection(SolutionConfigurationPlatforms) = preSolution
		Debug|Any CPU = Debug|Any CPU
		Release|Any CPU = Release|Any CPU
	EndGlobalSection
	GlobalSection(ProjectConfigurationPlatforms) = postSolution
		{3A40CD74-48B6-4AA3-BAC8-DF5636C78219}.Debug|Any CPU.ActiveCfg = Debug|Any CPU
		{3A40CD74-48B6-4AA3-BAC8-DF5636C78219}.Debug|Any CPU.Build.0 = Debug|Any CPU
		{3A40CD74-48B6-4AA3-BAC8-DF5636C78219}.Release|Any CPU.ActiveCfg = Release|Any CPU
		{3A40CD74-48B6-4AA3-BAC8-DF5636C78219}.Release|Any CPU.Build.0 = Release|Any CPU
	EndGlobalSection
	GlobalSection(SolutionProperties) = preSolution
		HideSolutionNode = FALSE
	EndGlobalSection
	GlobalSection(ExtensibilityGlobals) = postSolution
		SolutionGuid = {F966BE40-1BA4-498A-A5FB-483E44E83121}
	EndGlobalSection
EndGlobal
