
Microsoft Visual Studio Solution File, Format Version 12.00
# Visual Studio Version 16
VisualStudioVersion = 16.0.30804.86
MinimumVisualStudioVersion = 10.0.40219.1
Project("{FAE04EC0-301F-11D3-BF4B-00C04F79EFBC}") = "UF4-EJ16", "UF4-EJ16\UF4-EJ16.csproj", "{32BD59C7-D73D-4B5E-8A0C-EC02ECD07DB5}"
EndProject
Global
	GlobalSection(SolutionConfigurationPlatforms) = preSolution
		Debug|Any CPU = Debug|Any CPU
		Release|Any CPU = Release|Any CPU
	EndGlobalSection
	GlobalSection(ProjectConfigurationPlatforms) = postSolution
		{32BD59C7-D73D-4B5E-8A0C-EC02ECD07DB5}.Debug|Any CPU.ActiveCfg = Debug|Any CPU
		{32BD59C7-D73D-4B5E-8A0C-EC02ECD07DB5}.Debug|Any CPU.Build.0 = Debug|Any CPU
		{32BD59C7-D73D-4B5E-8A0C-EC02ECD07DB5}.Release|Any CPU.ActiveCfg = Release|Any CPU
		{32BD59C7-D73D-4B5E-8A0C-EC02ECD07DB5}.Release|Any CPU.Build.0 = Release|Any CPU
	EndGlobalSection
	GlobalSection(SolutionProperties) = preSolution
		HideSolutionNode = FALSE
	EndGlobalSection
	GlobalSection(ExtensibilityGlobals) = postSolution
		SolutionGuid = {C382E134-0B30-4CEC-A5D1-693285AF0341}
	EndGlobalSection
EndGlobal
