
Microsoft Visual Studio Solution File, Format Version 12.00
# Visual Studio Version 16
VisualStudioVersion = 16.0.30804.86
MinimumVisualStudioVersion = 10.0.40219.1
Project("{FAE04EC0-301F-11D3-BF4B-00C04F79EFBC}") = "UF4-EJ15", "UF4-EJ15\UF4-EJ15.csproj", "{B0FE6169-5B23-46DE-AF56-B9A466B371AE}"
EndProject
Global
	GlobalSection(SolutionConfigurationPlatforms) = preSolution
		Debug|Any CPU = Debug|Any CPU
		Release|Any CPU = Release|Any CPU
	EndGlobalSection
	GlobalSection(ProjectConfigurationPlatforms) = postSolution
		{B0FE6169-5B23-46DE-AF56-B9A466B371AE}.Debug|Any CPU.ActiveCfg = Debug|Any CPU
		{B0FE6169-5B23-46DE-AF56-B9A466B371AE}.Debug|Any CPU.Build.0 = Debug|Any CPU
		{B0FE6169-5B23-46DE-AF56-B9A466B371AE}.Release|Any CPU.ActiveCfg = Release|Any CPU
		{B0FE6169-5B23-46DE-AF56-B9A466B371AE}.Release|Any CPU.Build.0 = Release|Any CPU
	EndGlobalSection
	GlobalSection(SolutionProperties) = preSolution
		HideSolutionNode = FALSE
	EndGlobalSection
	GlobalSection(ExtensibilityGlobals) = postSolution
		SolutionGuid = {8DE892F5-7461-40EC-8872-BE1D418D4163}
	EndGlobalSection
EndGlobal
