
Microsoft Visual Studio Solution File, Format Version 12.00
# Visual Studio Version 16
VisualStudioVersion = 16.0.30804.86
MinimumVisualStudioVersion = 10.0.40219.1
Project("{FAE04EC0-301F-11D3-BF4B-00C04F79EFBC}") = "UF4-EJ14", "UF4-EJ14\UF4-EJ14.csproj", "{57AF2F7E-7D77-420D-80F1-53F51051A6C7}"
EndProject
Global
	GlobalSection(SolutionConfigurationPlatforms) = preSolution
		Debug|Any CPU = Debug|Any CPU
		Release|Any CPU = Release|Any CPU
	EndGlobalSection
	GlobalSection(ProjectConfigurationPlatforms) = postSolution
		{57AF2F7E-7D77-420D-80F1-53F51051A6C7}.Debug|Any CPU.ActiveCfg = Debug|Any CPU
		{57AF2F7E-7D77-420D-80F1-53F51051A6C7}.Debug|Any CPU.Build.0 = Debug|Any CPU
		{57AF2F7E-7D77-420D-80F1-53F51051A6C7}.Release|Any CPU.ActiveCfg = Release|Any CPU
		{57AF2F7E-7D77-420D-80F1-53F51051A6C7}.Release|Any CPU.Build.0 = Release|Any CPU
	EndGlobalSection
	GlobalSection(SolutionProperties) = preSolution
		HideSolutionNode = FALSE
	EndGlobalSection
	GlobalSection(ExtensibilityGlobals) = postSolution
		SolutionGuid = {F1CFB171-AF73-4CD3-9674-7843E4DC9BC5}
	EndGlobalSection
EndGlobal
