
Microsoft Visual Studio Solution File, Format Version 12.00
# Visual Studio Version 16
VisualStudioVersion = 16.0.30804.86
MinimumVisualStudioVersion = 10.0.40219.1
Project("{FAE04EC0-301F-11D3-BF4B-00C04F79EFBC}") = "UF4-EJ1", "UF4-EJ1\UF4-EJ1.csproj", "{E70AD72B-B7F3-42A4-AB5F-DCD9787C31CE}"
EndProject
Global
	GlobalSection(SolutionConfigurationPlatforms) = preSolution
		Debug|Any CPU = Debug|Any CPU
		Release|Any CPU = Release|Any CPU
	EndGlobalSection
	GlobalSection(ProjectConfigurationPlatforms) = postSolution
		{E70AD72B-B7F3-42A4-AB5F-DCD9787C31CE}.Debug|Any CPU.ActiveCfg = Debug|Any CPU
		{E70AD72B-B7F3-42A4-AB5F-DCD9787C31CE}.Debug|Any CPU.Build.0 = Debug|Any CPU
		{E70AD72B-B7F3-42A4-AB5F-DCD9787C31CE}.Release|Any CPU.ActiveCfg = Release|Any CPU
		{E70AD72B-B7F3-42A4-AB5F-DCD9787C31CE}.Release|Any CPU.Build.0 = Release|Any CPU
	EndGlobalSection
	GlobalSection(SolutionProperties) = preSolution
		HideSolutionNode = FALSE
	EndGlobalSection
	GlobalSection(ExtensibilityGlobals) = postSolution
		SolutionGuid = {1DAFB1F2-56A0-4CF7-885C-9633E48914D6}
	EndGlobalSection
EndGlobal
